
Microsoft Visual Studio Solution File, Format Version 12.00
# Visual Studio 2013
VisualStudioVersion = 12.0.31101.0
MinimumVisualStudioVersion = 10.0.40219.1
Project("{FAE04EC0-301F-11D3-BF4B-00C04F79EFBC}") = "SQLite3Test", "SQLite3Test\SQLite3Test\SQLite3Test.csproj", "{8280AE26-61D8-4537-A7EB-3DEF5913C729}"
EndProject
Project("{FAE04EC0-301F-11D3-BF4B-00C04F79EFBC}") = "SQLite3Test.iOS", "SQLite3Test\SQLite3Test.iOS\SQLite3Test.iOS.csproj", "{ECC4E0CD-83A3-44DB-9BCB-3CE9443A2EF1}"
EndProject
Project("{FAE04EC0-301F-11D3-BF4B-00C04F79EFBC}") = "SQLite3Test.Droid", "SQLite3Test\SQLite3Test.Droid\SQLite3Test.Droid.csproj", "{B82C717B-680D-44E5-BFAB-0839D1AF99F3}"
EndProject
Project("{FAE04EC0-301F-11D3-BF4B-00C04F79EFBC}") = "SQLite3Test.WinPhone", "SQLite3Test\SQLite3Test.WinPhone\SQLite3Test.WinPhone.csproj", "{FB5C103E-8F03-45E7-99AC-13A6827A7E88}"
EndProject
Global
	GlobalSection(SolutionConfigurationPlatforms) = preSolution
		Ad-Hoc|Any CPU = Ad-Hoc|Any CPU
		Ad-Hoc|ARM = Ad-Hoc|ARM
		Ad-Hoc|iPhone = Ad-Hoc|iPhone
		Ad-Hoc|iPhoneSimulator = Ad-Hoc|iPhoneSimulator
		Ad-Hoc|Mixed Platforms = Ad-Hoc|Mixed Platforms
		Ad-Hoc|x86 = Ad-Hoc|x86
		AppStore|Any CPU = AppStore|Any CPU
		AppStore|ARM = AppStore|ARM
		AppStore|iPhone = AppStore|iPhone
		AppStore|iPhoneSimulator = AppStore|iPhoneSimulator
		AppStore|Mixed Platforms = AppStore|Mixed Platforms
		AppStore|x86 = AppStore|x86
		Debug|Any CPU = Debug|Any CPU
		Debug|ARM = Debug|ARM
		Debug|iPhone = Debug|iPhone
		Debug|iPhoneSimulator = Debug|iPhoneSimulator
		Debug|Mixed Platforms = Debug|Mixed Platforms
		Debug|x86 = Debug|x86
		Release|Any CPU = Release|Any CPU
		Release|ARM = Release|ARM
		Release|iPhone = Release|iPhone
		Release|iPhoneSimulator = Release|iPhoneSimulator
		Release|Mixed Platforms = Release|Mixed Platforms
		Release|x86 = Release|x86
	EndGlobalSection
	GlobalSection(ProjectConfigurationPlatforms) = postSolution
		{8280AE26-61D8-4537-A7EB-3DEF5913C729}.Ad-Hoc|Any CPU.ActiveCfg = Release|Any CPU
		{8280AE26-61D8-4537-A7EB-3DEF5913C729}.Ad-Hoc|Any CPU.Build.0 = Release|Any CPU
		{8280AE26-61D8-4537-A7EB-3DEF5913C729}.Ad-Hoc|ARM.ActiveCfg = Release|Any CPU
		{8280AE26-61D8-4537-A7EB-3DEF5913C729}.Ad-Hoc|iPhone.ActiveCfg = Release|Any CPU
		{8280AE26-61D8-4537-A7EB-3DEF5913C729}.Ad-Hoc|iPhoneSimulator.ActiveCfg = Release|Any CPU
		{8280AE26-61D8-4537-A7EB-3DEF5913C729}.Ad-Hoc|Mixed Platforms.ActiveCfg = Release|Any CPU
		{8280AE26-61D8-4537-A7EB-3DEF5913C729}.Ad-Hoc|Mixed Platforms.Build.0 = Release|Any CPU
		{8280AE26-61D8-4537-A7EB-3DEF5913C729}.Ad-Hoc|x86.ActiveCfg = Release|Any CPU
		{8280AE26-61D8-4537-A7EB-3DEF5913C729}.AppStore|Any CPU.ActiveCfg = Release|Any CPU
		{8280AE26-61D8-4537-A7EB-3DEF5913C729}.AppStore|Any CPU.Build.0 = Release|Any CPU
		{8280AE26-61D8-4537-A7EB-3DEF5913C729}.AppStore|ARM.ActiveCfg = Release|Any CPU
		{8280AE26-61D8-4537-A7EB-3DEF5913C729}.AppStore|iPhone.ActiveCfg = Release|Any CPU
		{8280AE26-61D8-4537-A7EB-3DEF5913C729}.AppStore|iPhoneSimulator.ActiveCfg = Release|Any CPU
		{8280AE26-61D8-4537-A7EB-3DEF5913C729}.AppStore|Mixed Platforms.ActiveCfg = Release|Any CPU
		{8280AE26-61D8-4537-A7EB-3DEF5913C729}.AppStore|Mixed Platforms.Build.0 = Release|Any CPU
		{8280AE26-61D8-4537-A7EB-3DEF5913C729}.AppStore|x86.ActiveCfg = Release|Any CPU
		{8280AE26-61D8-4537-A7EB-3DEF5913C729}.Debug|Any CPU.ActiveCfg = Debug|Any CPU
		{8280AE26-61D8-4537-A7EB-3DEF5913C729}.Debug|Any CPU.Build.0 = Debug|Any CPU
		{8280AE26-61D8-4537-A7EB-3DEF5913C729}.Debug|ARM.ActiveCfg = Debug|Any CPU
		{8280AE26-61D8-4537-A7EB-3DEF5913C729}.Debug|iPhone.ActiveCfg = Debug|Any CPU
		{8280AE26-61D8-4537-A7EB-3DEF5913C729}.Debug|iPhoneSimulator.ActiveCfg = Debug|Any CPU
		{8280AE26-61D8-4537-A7EB-3DEF5913C729}.Debug|Mixed Platforms.ActiveCfg = Debug|Any CPU
		{8280AE26-61D8-4537-A7EB-3DEF5913C729}.Debug|Mixed Platforms.Build.0 = Debug|Any CPU
		{8280AE26-61D8-4537-A7EB-3DEF5913C729}.Debug|x86.ActiveCfg = Debug|Any CPU
		{8280AE26-61D8-4537-A7EB-3DEF5913C729}.Release|Any CPU.ActiveCfg = Release|Any CPU
		{8280AE26-61D8-4537-A7EB-3DEF5913C729}.Release|Any CPU.Build.0 = Release|Any CPU
		{8280AE26-61D8-4537-A7EB-3DEF5913C729}.Release|ARM.ActiveCfg = Release|Any CPU
		{8280AE26-61D8-4537-A7EB-3DEF5913C729}.Release|iPhone.ActiveCfg = Release|Any CPU
		{8280AE26-61D8-4537-A7EB-3DEF5913C729}.Release|iPhoneSimulator.ActiveCfg = Release|Any CPU
		{8280AE26-61D8-4537-A7EB-3DEF5913C729}.Release|Mixed Platforms.ActiveCfg = Release|Any CPU
		{8280AE26-61D8-4537-A7EB-3DEF5913C729}.Release|Mixed Platforms.Build.0 = Release|Any CPU
		{8280AE26-61D8-4537-A7EB-3DEF5913C729}.Release|x86.ActiveCfg = Release|Any CPU
		{ECC4E0CD-83A3-44DB-9BCB-3CE9443A2EF1}.Ad-Hoc|Any CPU.ActiveCfg = Ad-Hoc|iPhone
		{ECC4E0CD-83A3-44DB-9BCB-3CE9443A2EF1}.Ad-Hoc|ARM.ActiveCfg = Ad-Hoc|iPhone
		{ECC4E0CD-83A3-44DB-9BCB-3CE9443A2EF1}.Ad-Hoc|iPhone.ActiveCfg = Ad-Hoc|iPhone
		{ECC4E0CD-83A3-44DB-9BCB-3CE9443A2EF1}.Ad-Hoc|iPhone.Build.0 = Ad-Hoc|iPhone
		{ECC4E0CD-83A3-44DB-9BCB-3CE9443A2EF1}.Ad-Hoc|iPhoneSimulator.ActiveCfg = Ad-Hoc|iPhoneSimulator
		{ECC4E0CD-83A3-44DB-9BCB-3CE9443A2EF1}.Ad-Hoc|iPhoneSimulator.Build.0 = Ad-Hoc|iPhoneSimulator
		{ECC4E0CD-83A3-44DB-9BCB-3CE9443A2EF1}.Ad-Hoc|Mixed Platforms.ActiveCfg = Ad-Hoc|iPhone
		{ECC4E0CD-83A3-44DB-9BCB-3CE9443A2EF1}.Ad-Hoc|Mixed Platforms.Build.0 = Ad-Hoc|iPhone
		{ECC4E0CD-83A3-44DB-9BCB-3CE9443A2EF1}.Ad-Hoc|x86.ActiveCfg = Ad-Hoc|iPhone
		{ECC4E0CD-83A3-44DB-9BCB-3CE9443A2EF1}.AppStore|Any CPU.ActiveCfg = AppStore|iPhone
		{ECC4E0CD-83A3-44DB-9BCB-3CE9443A2EF1}.AppStore|ARM.ActiveCfg = AppStore|iPhone
		{ECC4E0CD-83A3-44DB-9BCB-3CE9443A2EF1}.AppStore|iPhone.ActiveCfg = AppStore|iPhone
		{ECC4E0CD-83A3-44DB-9BCB-3CE9443A2EF1}.AppStore|iPhone.Build.0 = AppStore|iPhone
		{ECC4E0CD-83A3-44DB-9BCB-3CE9443A2EF1}.AppStore|iPhoneSimulator.ActiveCfg = AppStore|iPhoneSimulator
		{ECC4E0CD-83A3-44DB-9BCB-3CE9443A2EF1}.AppStore|iPhoneSimulator.Build.0 = AppStore|iPhoneSimulator
		{ECC4E0CD-83A3-44DB-9BCB-3CE9443A2EF1}.AppStore|Mixed Platforms.ActiveCfg = AppStore|iPhone
		{ECC4E0CD-83A3-44DB-9BCB-3CE9443A2EF1}.AppStore|Mixed Platforms.Build.0 = AppStore|iPhone
		{ECC4E0CD-83A3-44DB-9BCB-3CE9443A2EF1}.AppStore|x86.ActiveCfg = AppStore|iPhone
		{ECC4E0CD-83A3-44DB-9BCB-3CE9443A2EF1}.Debug|Any CPU.ActiveCfg = Debug|iPhone
		{ECC4E0CD-83A3-44DB-9BCB-3CE9443A2EF1}.Debug|ARM.ActiveCfg = Debug|iPhone
		{ECC4E0CD-83A3-44DB-9BCB-3CE9443A2EF1}.Debug|iPhone.ActiveCfg = Debug|iPhone
		{ECC4E0CD-83A3-44DB-9BCB-3CE9443A2EF1}.Debug|iPhone.Build.0 = Debug|iPhone
		{ECC4E0CD-83A3-44DB-9BCB-3CE9443A2EF1}.Debug|iPhoneSimulator.ActiveCfg = Debug|iPhoneSimulator
		{ECC4E0CD-83A3-44DB-9BCB-3CE9443A2EF1}.Debug|iPhoneSimulator.Build.0 = Debug|iPhoneSimulator
		{ECC4E0CD-83A3-44DB-9BCB-3CE9443A2EF1}.Debug|Mixed Platforms.ActiveCfg = Debug|iPhone
		{ECC4E0CD-83A3-44DB-9BCB-3CE9443A2EF1}.Debug|Mixed Platforms.Build.0 = Debug|iPhone
		{ECC4E0CD-83A3-44DB-9BCB-3CE9443A2EF1}.Debug|x86.ActiveCfg = Debug|iPhone
		{ECC4E0CD-83A3-44DB-9BCB-3CE9443A2EF1}.Release|Any CPU.ActiveCfg = Release|iPhone
		{ECC4E0CD-83A3-44DB-9BCB-3CE9443A2EF1}.Release|ARM.ActiveCfg = Release|iPhone
		{ECC4E0CD-83A3-44DB-9BCB-3CE9443A2EF1}.Release|iPhone.ActiveCfg = Release|iPhone
		{ECC4E0CD-83A3-44DB-9BCB-3CE9443A2EF1}.Release|iPhone.Build.0 = Release|iPhone
		{ECC4E0CD-83A3-44DB-9BCB-3CE9443A2EF1}.Release|iPhoneSimulator.ActiveCfg = Release|iPhoneSimulator
		{ECC4E0CD-83A3-44DB-9BCB-3CE9443A2EF1}.Release|iPhoneSimulator.Build.0 = Release|iPhoneSimulator
		{ECC4E0CD-83A3-44DB-9BCB-3CE9443A2EF1}.Release|Mixed Platforms.ActiveCfg = Release|iPhone
		{ECC4E0CD-83A3-44DB-9BCB-3CE9443A2EF1}.Release|Mixed Platforms.Build.0 = Release|iPhone
		{ECC4E0CD-83A3-44DB-9BCB-3CE9443A2EF1}.Release|x86.ActiveCfg = Release|iPhone
		{B82C717B-680D-44E5-BFAB-0839D1AF99F3}.Ad-Hoc|Any CPU.ActiveCfg = Release|Any CPU
		{B82C717B-680D-44E5-BFAB-0839D1AF99F3}.Ad-Hoc|Any CPU.Build.0 = Release|Any CPU
		{B82C717B-680D-44E5-BFAB-0839D1AF99F3}.Ad-Hoc|Any CPU.Deploy.0 = Release|Any CPU
		{B82C717B-680D-44E5-BFAB-0839D1AF99F3}.Ad-Hoc|ARM.ActiveCfg = Release|Any CPU
		{B82C717B-680D-44E5-BFAB-0839D1AF99F3}.Ad-Hoc|iPhone.ActiveCfg = Release|Any CPU
		{B82C717B-680D-44E5-BFAB-0839D1AF99F3}.Ad-Hoc|iPhoneSimulator.ActiveCfg = Release|Any CPU
		{B82C717B-680D-44E5-BFAB-0839D1AF99F3}.Ad-Hoc|Mixed Platforms.ActiveCfg = Release|Any CPU
		{B82C717B-680D-44E5-BFAB-0839D1AF99F3}.Ad-Hoc|Mixed Platforms.Build.0 = Release|Any CPU
		{B82C717B-680D-44E5-BFAB-0839D1AF99F3}.Ad-Hoc|Mixed Platforms.Deploy.0 = Release|Any CPU
		{B82C717B-680D-44E5-BFAB-0839D1AF99F3}.Ad-Hoc|x86.ActiveCfg = Release|Any CPU
		{B82C717B-680D-44E5-BFAB-0839D1AF99F3}.AppStore|Any CPU.ActiveCfg = Release|Any CPU
		{B82C717B-680D-44E5-BFAB-0839D1AF99F3}.AppStore|Any CPU.Build.0 = Release|Any CPU
		{B82C717B-680D-44E5-BFAB-0839D1AF99F3}.AppStore|Any CPU.Deploy.0 = Release|Any CPU
		{B82C717B-680D-44E5-BFAB-0839D1AF99F3}.AppStore|ARM.ActiveCfg = Release|Any CPU
		{B82C717B-680D-44E5-BFAB-0839D1AF99F3}.AppStore|iPhone.ActiveCfg = Release|Any CPU
		{B82C717B-680D-44E5-BFAB-0839D1AF99F3}.AppStore|iPhoneSimulator.ActiveCfg = Release|Any CPU
		{B82C717B-680D-44E5-BFAB-0839D1AF99F3}.AppStore|Mixed Platforms.ActiveCfg = Release|Any CPU
		{B82C717B-680D-44E5-BFAB-0839D1AF99F3}.AppStore|Mixed Platforms.Build.0 = Release|Any CPU
		{B82C717B-680D-44E5-BFAB-0839D1AF99F3}.AppStore|Mixed Platforms.Deploy.0 = Release|Any CPU
		{B82C717B-680D-44E5-BFAB-0839D1AF99F3}.AppStore|x86.ActiveCfg = Release|Any CPU
		{B82C717B-680D-44E5-BFAB-0839D1AF99F3}.Debug|Any CPU.ActiveCfg = Debug|Any CPU
		{B82C717B-680D-44E5-BFAB-0839D1AF99F3}.Debug|Any CPU.Build.0 = Debug|Any CPU
		{B82C717B-680D-44E5-BFAB-0839D1AF99F3}.Debug|Any CPU.Deploy.0 = Debug|Any CPU
		{B82C717B-680D-44E5-BFAB-0839D1AF99F3}.Debug|ARM.ActiveCfg = Debug|Any CPU
		{B82C717B-680D-44E5-BFAB-0839D1AF99F3}.Debug|iPhone.ActiveCfg = Debug|Any CPU
		{B82C717B-680D-44E5-BFAB-0839D1AF99F3}.Debug|iPhoneSimulator.ActiveCfg = Debug|Any CPU
		{B82C717B-680D-44E5-BFAB-0839D1AF99F3}.Debug|Mixed Platforms.ActiveCfg = Debug|Any CPU
		{B82C717B-680D-44E5-BFAB-0839D1AF99F3}.Debug|Mixed Platforms.Build.0 = Debug|Any CPU
		{B82C717B-680D-44E5-BFAB-0839D1AF99F3}.Debug|Mixed Platforms.Deploy.0 = Debug|Any CPU
		{B82C717B-680D-44E5-BFAB-0839D1AF99F3}.Debug|x86.ActiveCfg = Debug|Any CPU
		{B82C717B-680D-44E5-BFAB-0839D1AF99F3}.Release|Any CPU.ActiveCfg = Release|Any CPU
		{B82C717B-680D-44E5-BFAB-0839D1AF99F3}.Release|Any CPU.Build.0 = Release|Any CPU
		{B82C717B-680D-44E5-BFAB-0839D1AF99F3}.Release|Any CPU.Deploy.0 = Release|Any CPU
		{B82C717B-680D-44E5-BFAB-0839D1AF99F3}.Release|ARM.ActiveCfg = Release|Any CPU
		{B82C717B-680D-44E5-BFAB-0839D1AF99F3}.Release|iPhone.ActiveCfg = Release|Any CPU
		{B82C717B-680D-44E5-BFAB-0839D1AF99F3}.Release|iPhoneSimulator.ActiveCfg = Release|Any CPU
		{B82C717B-680D-44E5-BFAB-0839D1AF99F3}.Release|Mixed Platforms.ActiveCfg = Release|Any CPU
		{B82C717B-680D-44E5-BFAB-0839D1AF99F3}.Release|Mixed Platforms.Build.0 = Release|Any CPU
		{B82C717B-680D-44E5-BFAB-0839D1AF99F3}.Release|Mixed Platforms.Deploy.0 = Release|Any CPU
		{B82C717B-680D-44E5-BFAB-0839D1AF99F3}.Release|x86.ActiveCfg = Release|Any CPU
		{FB5C103E-8F03-45E7-99AC-13A6827A7E88}.Ad-Hoc|Any CPU.ActiveCfg = Release|Any CPU
		{FB5C103E-8F03-45E7-99AC-13A6827A7E88}.Ad-Hoc|Any CPU.Build.0 = Release|Any CPU
		{FB5C103E-8F03-45E7-99AC-13A6827A7E88}.Ad-Hoc|Any CPU.Deploy.0 = Release|Any CPU
		{FB5C103E-8F03-45E7-99AC-13A6827A7E88}.Ad-Hoc|ARM.ActiveCfg = Release|ARM
		{FB5C103E-8F03-45E7-99AC-13A6827A7E88}.Ad-Hoc|ARM.Build.0 = Release|ARM
		{FB5C103E-8F03-45E7-99AC-13A6827A7E88}.Ad-Hoc|ARM.Deploy.0 = Release|ARM
		{FB5C103E-8F03-45E7-99AC-13A6827A7E88}.Ad-Hoc|iPhone.ActiveCfg = Release|Any CPU
		{FB5C103E-8F03-45E7-99AC-13A6827A7E88}.Ad-Hoc|iPhoneSimulator.ActiveCfg = Release|Any CPU
		{FB5C103E-8F03-45E7-99AC-13A6827A7E88}.Ad-Hoc|Mixed Platforms.ActiveCfg = Release|x86
		{FB5C103E-8F03-45E7-99AC-13A6827A7E88}.Ad-Hoc|Mixed Platforms.Build.0 = Release|x86
		{FB5C103E-8F03-45E7-99AC-13A6827A7E88}.Ad-Hoc|Mixed Platforms.Deploy.0 = Release|x86
		{FB5C103E-8F03-45E7-99AC-13A6827A7E88}.Ad-Hoc|x86.ActiveCfg = Release|x86
		{FB5C103E-8F03-45E7-99AC-13A6827A7E88}.Ad-Hoc|x86.Build.0 = Release|x86
		{FB5C103E-8F03-45E7-99AC-13A6827A7E88}.Ad-Hoc|x86.Deploy.0 = Release|x86
		{FB5C103E-8F03-45E7-99AC-13A6827A7E88}.AppStore|Any CPU.ActiveCfg = Release|Any CPU
		{FB5C103E-8F03-45E7-99AC-13A6827A7E88}.AppStore|Any CPU.Build.0 = Release|Any CPU
		{FB5C103E-8F03-45E7-99AC-13A6827A7E88}.AppStore|Any CPU.Deploy.0 = Release|Any CPU
		{FB5C103E-8F03-45E7-99AC-13A6827A7E88}.AppStore|ARM.ActiveCfg = Release|ARM
		{FB5C103E-8F03-45E7-99AC-13A6827A7E88}.AppStore|ARM.Build.0 = Release|ARM
		{FB5C103E-8F03-45E7-99AC-13A6827A7E88}.AppStore|ARM.Deploy.0 = Release|ARM
		{FB5C103E-8F03-45E7-99AC-13A6827A7E88}.AppStore|iPhone.ActiveCfg = Release|Any CPU
		{FB5C103E-8F03-45E7-99AC-13A6827A7E88}.AppStore|iPhoneSimulator.ActiveCfg = Release|Any CPU
		{FB5C103E-8F03-45E7-99AC-13A6827A7E88}.AppStore|Mixed Platforms.ActiveCfg = Release|x86
		{FB5C103E-8F03-45E7-99AC-13A6827A7E88}.AppStore|Mixed Platforms.Build.0 = Release|x86
		{FB5C103E-8F03-45E7-99AC-13A6827A7E88}.AppStore|Mixed Platforms.Deploy.0 = Release|x86
		{FB5C103E-8F03-45E7-99AC-13A6827A7E88}.AppStore|x86.ActiveCfg = Release|x86
		{FB5C103E-8F03-45E7-99AC-13A6827A7E88}.AppStore|x86.Build.0 = Release|x86
		{FB5C103E-8F03-45E7-99AC-13A6827A7E88}.AppStore|x86.Deploy.0 = Release|x86
		{FB5C103E-8F03-45E7-99AC-13A6827A7E88}.Debug|Any CPU.ActiveCfg = Debug|Any CPU
		{FB5C103E-8F03-45E7-99AC-13A6827A7E88}.Debug|Any CPU.Build.0 = Debug|Any CPU
		{FB5C103E-8F03-45E7-99AC-13A6827A7E88}.Debug|Any CPU.Deploy.0 = Debug|Any CPU
		{FB5C103E-8F03-45E7-99AC-13A6827A7E88}.Debug|ARM.ActiveCfg = Debug|ARM
		{FB5C103E-8F03-45E7-99AC-13A6827A7E88}.Debug|ARM.Build.0 = Debug|ARM
		{FB5C103E-8F03-45E7-99AC-13A6827A7E88}.Debug|ARM.Deploy.0 = Debug|ARM
		{FB5C103E-8F03-45E7-99AC-13A6827A7E88}.Debug|iPhone.ActiveCfg = Debug|Any CPU
		{FB5C103E-8F03-45E7-99AC-13A6827A7E88}.Debug|iPhoneSimulator.ActiveCfg = Debug|Any CPU
		{FB5C103E-8F03-45E7-99AC-13A6827A7E88}.Debug|Mixed Platforms.ActiveCfg = Debug|x86
		{FB5C103E-8F03-45E7-99AC-13A6827A7E88}.Debug|Mixed Platforms.Build.0 = Debug|x86
		{FB5C103E-8F03-45E7-99AC-13A6827A7E88}.Debug|Mixed Platforms.Deploy.0 = Debug|x86
		{FB5C103E-8F03-45E7-99AC-13A6827A7E88}.Debug|x86.ActiveCfg = Debug|x86
		{FB5C103E-8F03-45E7-99AC-13A6827A7E88}.Debug|x86.Build.0 = Debug|x86
		{FB5C103E-8F03-45E7-99AC-13A6827A7E88}.Debug|x86.Deploy.0 = Debug|x86
		{FB5C103E-8F03-45E7-99AC-13A6827A7E88}.Release|Any CPU.ActiveCfg = Release|Any CPU
		{FB5C103E-8F03-45E7-99AC-13A6827A7E88}.Release|Any CPU.Build.0 = Release|Any CPU
		{FB5C103E-8F03-45E7-99AC-13A6827A7E88}.Release|Any CPU.Deploy.0 = Release|Any CPU
		{FB5C103E-8F03-45E7-99AC-13A6827A7E88}.Release|ARM.ActiveCfg = Release|ARM
		{FB5C103E-8F03-45E7-99AC-13A6827A7E88}.Release|ARM.Build.0 = Release|ARM
		{FB5C103E-8F03-45E7-99AC-13A6827A7E88}.Release|ARM.Deploy.0 = Release|ARM
		{FB5C103E-8F03-45E7-99AC-13A6827A7E88}.Release|iPhone.ActiveCfg = Release|Any CPU
		{FB5C103E-8F03-45E7-99AC-13A6827A7E88}.Release|iPhoneSimulator.ActiveCfg = Release|Any CPU
		{FB5C103E-8F03-45E7-99AC-13A6827A7E88}.Release|Mixed Platforms.ActiveCfg = Release|x86
		{FB5C103E-8F03-45E7-99AC-13A6827A7E88}.Release|Mixed Platforms.Build.0 = Release|x86
		{FB5C103E-8F03-45E7-99AC-13A6827A7E88}.Release|Mixed Platforms.Deploy.0 = Release|x86
		{FB5C103E-8F03-45E7-99AC-13A6827A7E88}.Release|x86.ActiveCfg = Release|x86
		{FB5C103E-8F03-45E7-99AC-13A6827A7E88}.Release|x86.Build.0 = Release|x86
		{FB5C103E-8F03-45E7-99AC-13A6827A7E88}.Release|x86.Deploy.0 = Release|x86
	EndGlobalSection
	GlobalSection(SolutionProperties) = preSolution
		HideSolutionNode = FALSE
	EndGlobalSection
EndGlobal
